// !$*UTF8*$!
{
	archiveVersion = 1;
	classes = {
	};
	objectVersion = 55;
	objects = {

/* Begin PBXBuildFile section */
		4121AEB428946A3000A89121 /* PokecardsApp.swift in Sources */ = {isa = PBXBuildFile; fileRef = 4121AEB328946A3000A89121 /* PokecardsApp.swift */; };
		4121AEB628946A3000A89121 /* ContentView.swift in Sources */ = {isa = PBXBuildFile; fileRef = 4121AEB528946A3000A89121 /* ContentView.swift */; };
		4121AEB828946A3200A89121 /* Assets.xcassets in Resources */ = {isa = PBXBuildFile; fileRef = 4121AEB728946A3200A89121 /* Assets.xcassets */; };
		4121AEBB28946A3200A89121 /* Preview Assets.xcassets in Resources */ = {isa = PBXBuildFile; fileRef = 4121AEBA28946A3200A89121 /* Preview Assets.xcassets */; };
		4121AEC42895060500A89121 /* Pokemon.swift in Sources */ = {isa = PBXBuildFile; fileRef = 4121AEC32895060500A89121 /* Pokemon.swift */; };
		4121AEC62895067D00A89121 /* PokemonViewModel.swift in Sources */ = {isa = PBXBuildFile; fileRef = 4121AEC52895067D00A89121 /* PokemonViewModel.swift */; };
		4121AECA289572A900A89121 /* PokeCardContentView.swift in Sources */ = {isa = PBXBuildFile; fileRef = 4121AEC9289572A900A89121 /* PokeCardContentView.swift */; };
		4132E162289684220026567E /* PokeConstants.swift in Sources */ = {isa = PBXBuildFile; fileRef = 4132E161289684220026567E /* PokeConstants.swift */; };
		4132E164289684C30026567E /* Extensions.swift in Sources */ = {isa = PBXBuildFile; fileRef = 4132E163289684C30026567E /* Extensions.swift */; };
		4132E166289687D70026567E /* FlippableCard.swift in Sources */ = {isa = PBXBuildFile; fileRef = 4132E165289687D70026567E /* FlippableCard.swift */; };
/* End PBXBuildFile section */

/* Begin PBXFileReference section */
		4121AEB028946A3000A89121 /* Pokecards.app */ = {isa = PBXFileReference; explicitFileType = wrapper.application; includeInIndex = 0; path = Pokecards.app; sourceTree = BUILT_PRODUCTS_DIR; };
		4121AEB328946A3000A89121 /* PokecardsApp.swift */ = {isa = PBXFileReference; lastKnownFileType = sourcecode.swift; path = PokecardsApp.swift; sourceTree = "<group>"; };
		4121AEB528946A3000A89121 /* ContentView.swift */ = {isa = PBXFileReference; lastKnownFileType = sourcecode.swift; path = ContentView.swift; sourceTree = "<group>"; };
		4121AEB728946A3200A89121 /* Assets.xcassets */ = {isa = PBXFileReference; lastKnownFileType = folder.assetcatalog; path = Assets.xcassets; sourceTree = "<group>"; };
		4121AEBA28946A3200A89121 /* Preview Assets.xcassets */ = {isa = PBXFileReference; lastKnownFileType = folder.assetcatalog; path = "Preview Assets.xcassets"; sourceTree = "<group>"; };
		4121AEC32895060500A89121 /* Pokemon.swift */ = {isa = PBXFileReference; lastKnownFileType = sourcecode.swift; path = Pokemon.swift; sourceTree = "<group>"; };
		4121AEC52895067D00A89121 /* PokemonViewModel.swift */ = {isa = PBXFileReference; lastKnownFileType = sourcecode.swift; path = PokemonViewModel.swift; sourceTree = "<group>"; };
		4121AEC9289572A900A89121 /* PokeCardContentView.swift */ = {isa = PBXFileReference; lastKnownFileType = sourcecode.swift; path = PokeCardContentView.swift; sourceTree = "<group>"; };
		4132E161289684220026567E /* PokeConstants.swift */ = {isa = PBXFileReference; lastKnownFileType = sourcecode.swift; path = PokeConstants.swift; sourceTree = "<group>"; };
		4132E163289684C30026567E /* Extensions.swift */ = {isa = PBXFileReference; lastKnownFileType = sourcecode.swift; path = Extensions.swift; sourceTree = "<group>"; };
		4132E165289687D70026567E /* FlippableCard.swift */ = {isa = PBXFileReference; lastKnownFileType = sourcecode.swift; path = FlippableCard.swift; sourceTree = "<group>"; };
/* End PBXFileReference section */

/* Begin PBXFrameworksBuildPhase section */
		4121AEAD28946A3000A89121 /* Frameworks */ = {
			isa = PBXFrameworksBuildPhase;
			buildActionMask = 2147483647;
			files = (
			);
			runOnlyForDeploymentPostprocessing = 0;
		};
/* End PBXFrameworksBuildPhase section */

/* Begin PBXGroup section */
		4121AEA728946A3000A89121 = {
			isa = PBXGroup;
			children = (
				4121AEB228946A3000A89121 /* Pokecards */,
				4121AEB128946A3000A89121 /* Products */,
			);
			sourceTree = "<group>";
		};
		4121AEB128946A3000A89121 /* Products */ = {
			isa = PBXGroup;
			children = (
				4121AEB028946A3000A89121 /* Pokecards.app */,
			);
			name = Products;
			sourceTree = "<group>";
		};
		4121AEB228946A3000A89121 /* Pokecards */ = {
			isa = PBXGroup;
			children = (
				4121AEB328946A3000A89121 /* PokecardsApp.swift */,
				4121AEB528946A3000A89121 /* ContentView.swift */,
				4132E165289687D70026567E /* FlippableCard.swift */,
				4121AEC9289572A900A89121 /* PokeCardContentView.swift */,
				4121AEC32895060500A89121 /* Pokemon.swift */,
				4121AEC52895067D00A89121 /* PokemonViewModel.swift */,
				4132E161289684220026567E /* PokeConstants.swift */,
				4132E163289684C30026567E /* Extensions.swift */,
				4121AEB728946A3200A89121 /* Assets.xcassets */,
				4121AEB928946A3200A89121 /* Preview Content */,
			);
			path = Pokecards;
			sourceTree = "<group>";
		};
		4121AEB928946A3200A89121 /* Preview Content */ = {
			isa = PBXGroup;
			children = (
				4121AEBA28946A3200A89121 /* Preview Assets.xcassets */,
			);
			path = "Preview Content";
			sourceTree = "<group>";
		};
/* End PBXGroup section */

/* Begin PBXNativeTarget section */
		4121AEAF28946A3000A89121 /* Pokecards */ = {
			isa = PBXNativeTarget;
			buildConfigurationList = 4121AEBE28946A3200A89121 /* Build configuration list for PBXNativeTarget "Pokecards" */;
			buildPhases = (
				4121AEAC28946A3000A89121 /* Sources */,
				4121AEAD28946A3000A89121 /* Frameworks */,
				4121AEAE28946A3000A89121 /* Resources */,
			);
			buildRules = (
			);
			dependencies = (
			);
			name = Pokecards;
			productName = Pokecards;
			productReference = 4121AEB028946A3000A89121 /* Pokecards.app */;
			productType = "com.apple.product-type.application";
		};
/* End PBXNativeTarget section */

/* Begin PBXProject section */
		4121AEA828946A3000A89121 /* Project object */ = {
			isa = PBXProject;
			attributes = {
				BuildIndependentTargetsInParallel = 1;
				LastSwiftUpdateCheck = 1340;
				LastUpgradeCheck = 1340;
				TargetAttributes = {
					4121AEAF28946A3000A89121 = {
						CreatedOnToolsVersion = 13.4;
					};
				};
			};
			buildConfigurationList = 4121AEAB28946A3000A89121 /* Build configuration list for PBXProject "Pokecards" */;
			compatibilityVersion = "Xcode 13.0";
			developmentRegion = en;
			hasScannedForEncodings = 0;
			knownRegions = (
				en,
				Base,
			);
			mainGroup = 4121AEA728946A3000A89121;
			productRefGroup = 4121AEB128946A3000A89121 /* Products */;
			projectDirPath = "";
			projectRoot = "";
			targets = (
				4121AEAF28946A3000A89121 /* Pokecards */,
			);
		};
/* End PBXProject section */

/* Begin PBXResourcesBuildPhase section */
		4121AEAE28946A3000A89121 /* Resources */ = {
			isa = PBXResourcesBuildPhase;
			buildActionMask = 2147483647;
			files = (
				4121AEBB28946A3200A89121 /* Preview Assets.xcassets in Resources */,
				4121AEB828946A3200A89121 /* Assets.xcassets in Resources */,
			);
			runOnlyForDeploymentPostprocessing = 0;
		};
/* End PBXResourcesBuildPhase section */

/* Begin PBXSourcesBuildPhase section */
		4121AEAC28946A3000A89121 /* Sources */ = {
			isa = PBXSourcesBuildPhase;
			buildActionMask = 2147483647;
			files = (
				4121AEB628946A3000A89121 /* ContentView.swift in Sources */,
				4121AECA289572A900A89121 /* PokeCardContentView.swift in Sources */,
				4132E162289684220026567E /* PokeConstants.swift in Sources */,
				4121AEB428946A3000A89121 /* PokecardsApp.swift in Sources */,
				4121AEC62895067D00A89121 /* PokemonViewModel.swift in Sources */,
				4121AEC42895060500A89121 /* Pokemon.swift in Sources */,
				4132E164289684C30026567E /* Extensions.swift in Sources */,
				4132E166289687D70026567E /* FlippableCard.swift in Sources */,
			);
			runOnlyForDeploymentPostprocessing = 0;
		};
/* End PBXSourcesBuildPhase section */

/* Begin XCBuildConfiguration section */
		4121AEBC28946A3200A89121 /* Debug */ = {
			isa = XCBuildConfiguration;
			buildSettings = {
				ALWAYS_SEARCH_USER_PATHS = NO;
				CLANG_ANALYZER_NONNULL = YES;
				CLANG_ANALYZER_NUMBER_OBJECT_CONVERSION = YES_AGGRESSIVE;
				CLANG_CXX_LANGUAGE_STANDARD = "gnu++17";
				CLANG_ENABLE_MODULES = YES;
				CLANG_ENABLE_OBJC_ARC = YES;
				CLANG_ENABLE_OBJC_WEAK = YES;
				CLANG_WARN_BLOCK_CAPTURE_AUTORELEASING = YES;
				CLANG_WARN_BOOL_CONVERSION = YES;
				CLANG_WARN_COMMA = YES;
				CLANG_WARN_CONSTANT_CONVERSION = YES;
				CLANG_WARN_DEPRECATED_OBJC_IMPLEMENTATIONS = YES;
				CLANG_WARN_DIRECT_OBJC_ISA_USAGE = YES_ERROR;
				CLANG_WARN_DOCUMENTATION_COMMENTS = YES;
				CLANG_WARN_EMPTY_BODY = YES;
				CLANG_WARN_ENUM_CONVERSION = YES;
				CLANG_WARN_INFINITE_RECURSION = YES;
				CLANG_WARN_INT_CONVERSION = YES;
				CLANG_WARN_NON_LITERAL_NULL_CONVERSION = YES;
				CLANG_WARN_OBJC_IMPLICIT_RETAIN_SELF = YES;
				CLANG_WARN_OBJC_LITERAL_CONVERSION = YES;
				CLANG_WARN_OBJC_ROOT_CLASS = YES_ERROR;
				CLANG_WARN_QUOTED_INCLUDE_IN_FRAMEWORK_HEADER = YES;
				CLANG_WARN_RANGE_LOOP_ANALYSIS = YES;
				CLANG_WARN_STRICT_PROTOTYPES = YES;
				CLANG_WARN_SUSPICIOUS_MOVE = YES;
				CLANG_WARN_UNGUARDED_AVAILABILITY = YES_AGGRESSIVE;
				CLANG_WARN_UNREACHABLE_CODE = YES;
				CLANG_WARN__DUPLICATE_METHOD_MATCH = YES;
				COPY_PHASE_STRIP = NO;
				DEBUG_INFORMATION_FORMAT = dwarf;
				ENABLE_STRICT_OBJC_MSGSEND = YES;
				ENABLE_TESTABILITY = YES;
				GCC_C_LANGUAGE_STANDARD = gnu11;
				GCC_DYNAMIC_NO_PIC = NO;
				GCC_NO_COMMON_BLOCKS = YES;
				GCC_OPTIMIZATION_LEVEL = 0;
				GCC_PREPROCESSOR_DEFINITIONS = (
					"DEBUG=1",
					"$(inherited)",
				);
				GCC_WARN_64_TO_32_BIT_CONVERSION = YES;
				GCC_WARN_ABOUT_RETURN_TYPE = YES_ERROR;
				GCC_WARN_UNDECLARED_SELECTOR = YES;
				GCC_WARN_UNINITIALIZED_AUTOS = YES_AGGRESSIVE;
				GCC_WARN_UNUSED_FUNCTION = YES;
				GCC_WARN_UNUSED_VARIABLE = YES;
				IPHONEOS_DEPLOYMENT_TARGET = 15.5;
				MTL_ENABLE_DEBUG_INFO = INCLUDE_SOURCE;
				MTL_FAST_MATH = YES;
				ONLY_ACTIVE_ARCH = YES;
				SDKROOT = iphoneos;
				SWIFT_ACTIVE_COMPILATION_CONDITIONS = DEBUG;
				SWIFT_OPTIMIZATION_LEVEL = "-Onone";
			};
			name = Debug;
		};
		4121AEBD28946A3200A89121 /* Release */ = {
			isa = XCBuildConfiguration;
			buildSettings = {
				ALWAYS_SEARCH_USER_PATHS = NO;
				CLANG_ANALYZER_NONNULL = YES;
				CLANG_ANALYZER_NUMBER_OBJECT_CONVERSION = YES_AGGRESSIVE;
				CLANG_CXX_LANGUAGE_STANDARD = "gnu++17";
				CLANG_ENABLE_MODULES = YES;
				CLANG_ENABLE_OBJC_ARC = YES;
				CLANG_ENABLE_OBJC_WEAK = YES;
				CLANG_WARN_BLOCK_CAPTURE_AUTORELEASING = YES;
				CLANG_WARN_BOOL_CONVERSION = YES;
				CLANG_WARN_COMMA = YES;
				CLANG_WARN_CONSTANT_CONVERSION = YES;
				CLANG_WARN_DEPRECATED_OBJC_IMPLEMENTATIONS = YES;
				CLANG_WARN_DIRECT_OBJC_ISA_USAGE = YES_ERROR;
				CLANG_WARN_DOCUMENTATION_COMMENTS = YES;
				CLANG_WARN_EMPTY_BODY = YES;
				CLANG_WARN_ENUM_CONVERSION = YES;
				CLANG_WARN_INFINITE_RECURSION = YES;
				CLANG_WARN_INT_CONVERSION = YES;
				CLANG_WARN_NON_LITERAL_NULL_CONVERSION = YES;
				CLANG_WARN_OBJC_IMPLICIT_RETAIN_SELF = YES;
				CLANG_WARN_OBJC_LITERAL_CONVERSION = YES;
				CLANG_WARN_OBJC_ROOT_CLASS = YES_ERROR;
				CLANG_WARN_QUOTED_INCLUDE_IN_FRAMEWORK_HEADER = YES;
				CLANG_WARN_RANGE_LOOP_ANALYSIS = YES;
				CLANG_WARN_STRICT_PROTOTYPES = YES;
				CLANG_WARN_SUSPICIOUS_MOVE = YES;
				CLANG_WARN_UNGUARDED_AVAILABILITY = YES_AGGRESSIVE;
				CLANG_WARN_UNREACHABLE_CODE = YES;
				CLANG_WARN__DUPLICATE_METHOD_MATCH = YES;
				COPY_PHASE_STRIP = NO;
				DEBUG_INFORMATION_FORMAT = "dwarf-with-dsym";
				ENABLE_NS_ASSERTIONS = NO;
				ENABLE_STRICT_OBJC_MSGSEND = YES;
				GCC_C_LANGUAGE_STANDARD = gnu11;
				GCC_NO_COMMON_BLOCKS = YES;
				GCC_WARN_64_TO_32_BIT_CONVERSION = YES;
				GCC_WARN_ABOUT_RETURN_TYPE = YES_ERROR;
				GCC_WARN_UNDECLARED_SELECTOR = YES;
				GCC_WARN_UNINITIALIZED_AUTOS = YES_AGGRESSIVE;
				GCC_WARN_UNUSED_FUNCTION = YES;
				GCC_WARN_UNUSED_VARIABLE = YES;
				IPHONEOS_DEPLOYMENT_TARGET = 15.5;
				MTL_ENABLE_DEBUG_INFO = NO;
				MTL_FAST_MATH = YES;
				SDKROOT = iphoneos;
				SWIFT_COMPILATION_MODE = wholemodule;
				SWIFT_OPTIMIZATION_LEVEL = "-O";
				VALIDATE_PRODUCT = YES;
			};
			name = Release;
		};
		4121AEBF28946A3200A89121 /* Debug */ = {
			isa = XCBuildConfiguration;
			buildSettings = {
				ASSETCATALOG_COMPILER_APPICON_NAME = AppIcon;
				ASSETCATALOG_COMPILER_GLOBAL_ACCENT_COLOR_NAME = AccentColor;
				CODE_SIGN_STYLE = Automatic;
				CURRENT_PROJECT_VERSION = 1;
				DEVELOPMENT_ASSET_PATHS = "\"Pokecards/Preview Content\"";
				ENABLE_PREVIEWS = YES;
				GENERATE_INFOPLIST_FILE = YES;
				INFOPLIST_KEY_UIApplicationSceneManifest_Generation = YES;
				INFOPLIST_KEY_UIApplicationSupportsIndirectInputEvents = YES;
				INFOPLIST_KEY_UILaunchScreen_Generation = YES;
				INFOPLIST_KEY_UISupportedInterfaceOrientations_iPad = "UIInterfaceOrientationPortrait UIInterfaceOrientationPortraitUpsideDown UIInterfaceOrientationLandscapeLeft UIInterfaceOrientationLandscapeRight";
				INFOPLIST_KEY_UISupportedInterfaceOrientations_iPhone = UIInterfaceOrientationPortrait;
				LD_RUNPATH_SEARCH_PATHS = (
					"$(inherited)",
					"@executable_path/Frameworks",
				);
				MARKETING_VERSION = 1.0;
				PRODUCT_BUNDLE_IDENTIFIER = aozpolat.Pokecards;
				PRODUCT_NAME = "$(TARGET_NAME)";
				SWIFT_EMIT_LOC_STRINGS = YES;
				SWIFT_VERSION = 5.0;
				TARGETED_DEVICE_FAMILY = "1,2";
			};
			name = Debug;
		};
		4121AEC028946A3200A89121 /* Release */ = {
			isa = XCBuildConfiguration;
			buildSettings = {
				ASSETCATALOG_COMPILER_APPICON_NAME = AppIcon;
				ASSETCATALOG_COMPILER_GLOBAL_ACCENT_COLOR_NAME = AccentColor;
				CODE_SIGN_STYLE = Automatic;
				CURRENT_PROJECT_VERSION = 1;
				DEVELOPMENT_ASSET_PATHS = "\"Pokecards/Preview Content\"";
				ENABLE_PREVIEWS = YES;
				GENERATE_INFOPLIST_FILE = YES;
				INFOPLIST_KEY_UIApplicationSceneManifest_Generation = YES;
				INFOPLIST_KEY_UIApplicationSupportsIndirectInputEvents = YES;
				INFOPLIST_KEY_UILaunchScreen_Generation = YES;
				INFOPLIST_KEY_UISupportedInterfaceOrientations_iPad = "UIInterfaceOrientationPortrait UIInterfaceOrientationPortraitUpsideDown UIInterfaceOrientationLandscapeLeft UIInterfaceOrientationLandscapeRight";
				INFOPLIST_KEY_UISupportedInterfaceOrientations_iPhone = UIInterfaceOrientationPortrait;
				LD_RUNPATH_SEARCH_PATHS = (
					"$(inherited)",
					"@executable_path/Frameworks",
				);
				MARKETING_VERSION = 1.0;
				PRODUCT_BUNDLE_IDENTIFIER = aozpolat.Pokecards;
				PRODUCT_NAME = "$(TARGET_NAME)";
				SWIFT_EMIT_LOC_STRINGS = YES;
				SWIFT_VERSION = 5.0;
				TARGETED_DEVICE_FAMILY = "1,2";
			};
			name = Release;
		};
/* End XCBuildConfiguration section */

/* Begin XCConfigurationList section */
		4121AEAB28946A3000A89121 /* Build configuration list for PBXProject "Pokecards" */ = {
			isa = XCConfigurationList;
			buildConfigurations = (
				4121AEBC28946A3200A89121 /* Debug */,
				4121AEBD28946A3200A89121 /* Release */,
			);
			defaultConfigurationIsVisible = 0;
			defaultConfigurationName = Release;
		};
		4121AEBE28946A3200A89121 /* Build configuration list for PBXNativeTarget "Pokecards" */ = {
			isa = XCConfigurationList;
			buildConfigurations = (
				4121AEBF28946A3200A89121 /* Debug */,
				4121AEC028946A3200A89121 /* Release */,
			);
			defaultConfigurationIsVisible = 0;
			defaultConfigurationName = Release;
		};
/* End XCConfigurationList section */
	};
	rootObject = 4121AEA828946A3000A89121 /* Project object */;
}
